{
  "name": "TallerElectronico",
  "lockfileVersion": 2,
  "requires": true,
  "packages": {
    "": {
      "dependencies": {
        "jquery": "^3.6.0",
        "sweetalert2": "^11.1.0"
      }
    },
    "node_modules/jquery": {
      "version": "3.6.0",
      "resolved": "https://registry.npmjs.org/jquery/-/jquery-3.6.0.tgz",
      "integrity": "sha512-JVzAR/AjBvVt2BmYhxRCSYysDsPcssdmTFnzyLEts9qNwmjmu4JTAMYubEfwVOSwpQ1I1sKKFcxhZCI2buerfw=="
    },
    "node_modules/sweetalert2": {
      "version": "11.1.0",
      "resolved": "https://registry.npmjs.org/sweetalert2/-/sweetalert2-11.1.0.tgz",
      "integrity": "sha512-gZKO1G7u/0Bu89CZ48AfYAecqRhz9Jp58BrBhuJYoaS/oaquLUuwmx3wrxiLaZhB5FDQlETPVt7OokJIHReJgQ==",
      "funding": {
        "url": "https://sweetalert2.github.io/#donations"
      }
    }
  },
  "dependencies": {
    "jquery": {
      "version": "3.6.0",
      "resolved": "https://registry.npmjs.org/jquery/-/jquery-3.6.0.tgz",
      "integrity": "sha512-JVzAR/AjBvVt2BmYhxRCSYysDsPcssdmTFnzyLEts9qNwmjmu4JTAMYubEfwVOSwpQ1I1sKKFcxhZCI2buerfw=="
    },
    "sweetalert2": {
      "version": "11.1.0",
      "resolved": "https://registry.npmjs.org/sweetalert2/-/sweetalert2-11.1.0.tgz",
      "integrity": "sha512-gZKO1G7u/0Bu89CZ48AfYAecqRhz9Jp58BrBhuJYoaS/oaquLUuwmx3wrxiLaZhB5FDQlETPVt7OokJIHReJgQ=="
    }
  }
}
